
Microsoft Visual Studio Solution File, Format Version 12.00
# Visual Studio 15
VisualStudioVersion = 15.0.27520.0
MinimumVisualStudioVersion = 10.0.40219.1
Project("{FAE04EC0-301F-11D3-BF4B-00C04F79EFBC}") = "Microsoft.Xrm.Sdk.Async.SDK6", "SDK6\Microsoft.Xrm.Sdk.Async.SDK6.csproj", "{2AD885D6-2EB9-483E-BF6E-E2F860964A88}"
EndProject
Project("{FAE04EC0-301F-11D3-BF4B-00C04F79EFBC}") = "Microsoft.Xrm.Sdk.Async.SDK7", "SDK7\Microsoft.Xrm.Sdk.Async.SDK7.csproj", "{39903F71-8EF9-421C-BE32-43F77FCEEA11}"
EndProject
Project("{FAE04EC0-301F-11D3-BF4B-00C04F79EFBC}") = "Microsoft.Xrm.Sdk.Async.SDK8", "SDK8\Microsoft.Xrm.Sdk.Async.SDK8.csproj", "{EEF4DEBE-4244-428E-A504-47372FA45B34}"
EndProject
Project("{FAE04EC0-301F-11D3-BF4B-00C04F79EFBC}") = "Microsoft.Xrm.Sdk.Async.SDK9", "SDK9\Microsoft.Xrm.Sdk.Async.SDK9.csproj", "{7D4EE2D6-5DBA-48C4-B5CE-62A77F11CD4E}"
EndProject
Global
	GlobalSection(SolutionConfigurationPlatforms) = preSolution
		Debug|Any CPU = Debug|Any CPU
		Release|Any CPU = Release|Any CPU
	EndGlobalSection
	GlobalSection(ProjectConfigurationPlatforms) = postSolution
		{2AD885D6-2EB9-483E-BF6E-E2F860964A88}.Debug|Any CPU.ActiveCfg = Debug|Any CPU
		{2AD885D6-2EB9-483E-BF6E-E2F860964A88}.Debug|Any CPU.Build.0 = Debug|Any CPU
		{2AD885D6-2EB9-483E-BF6E-E2F860964A88}.Release|Any CPU.ActiveCfg = Release|Any CPU
		{2AD885D6-2EB9-483E-BF6E-E2F860964A88}.Release|Any CPU.Build.0 = Release|Any CPU
		{39903F71-8EF9-421C-BE32-43F77FCEEA11}.Debug|Any CPU.ActiveCfg = Debug|Any CPU
		{39903F71-8EF9-421C-BE32-43F77FCEEA11}.Debug|Any CPU.Build.0 = Debug|Any CPU
		{39903F71-8EF9-421C-BE32-43F77FCEEA11}.Release|Any CPU.ActiveCfg = Release|Any CPU
		{39903F71-8EF9-421C-BE32-43F77FCEEA11}.Release|Any CPU.Build.0 = Release|Any CPU
		{EEF4DEBE-4244-428E-A504-47372FA45B34}.Debug|Any CPU.ActiveCfg = Debug|Any CPU
		{EEF4DEBE-4244-428E-A504-47372FA45B34}.Debug|Any CPU.Build.0 = Debug|Any CPU
		{EEF4DEBE-4244-428E-A504-47372FA45B34}.Release|Any CPU.ActiveCfg = Release|Any CPU
		{EEF4DEBE-4244-428E-A504-47372FA45B34}.Release|Any CPU.Build.0 = Release|Any CPU
		{7D4EE2D6-5DBA-48C4-B5CE-62A77F11CD4E}.Debug|Any CPU.ActiveCfg = Debug|Any CPU
		{7D4EE2D6-5DBA-48C4-B5CE-62A77F11CD4E}.Debug|Any CPU.Build.0 = Debug|Any CPU
		{7D4EE2D6-5DBA-48C4-B5CE-62A77F11CD4E}.Release|Any CPU.ActiveCfg = Release|Any CPU
		{7D4EE2D6-5DBA-48C4-B5CE-62A77F11CD4E}.Release|Any CPU.Build.0 = Release|Any CPU
	EndGlobalSection
	GlobalSection(SolutionProperties) = preSolution
		HideSolutionNode = FALSE
	EndGlobalSection
	GlobalSection(ExtensibilityGlobals) = postSolution
		SolutionGuid = {FF41AFC9-C7E5-4A76-82DC-5E60AF180E91}
	EndGlobalSection
EndGlobal
